
Microsoft Visual Studio Solution File, Format Version 12.00
# Visual Studio 15
VisualStudioVersion = 15.0.27130.2027
MinimumVisualStudioVersion = 10.0.40219.1
Project("{FAE04EC0-301F-11D3-BF4B-00C04F79EFBC}") = "Party", "Party\Party.csproj", "{D4C15492-4042-4D0F-8D89-FDA6F4FE5F61}"
EndProject
Global
	GlobalSection(SolutionConfigurationPlatforms) = preSolution
		Debug|Any CPU = Debug|Any CPU
		Release|Any CPU = Release|Any CPU
	EndGlobalSection
	GlobalSection(ProjectConfigurationPlatforms) = postSolution
		{D4C15492-4042-4D0F-8D89-FDA6F4FE5F61}.Debug|Any CPU.ActiveCfg = Debug|Any CPU
		{D4C15492-4042-4D0F-8D89-FDA6F4FE5F61}.Debug|Any CPU.Build.0 = Debug|Any CPU
		{D4C15492-4042-4D0F-8D89-FDA6F4FE5F61}.Release|Any CPU.ActiveCfg = Release|Any CPU
		{D4C15492-4042-4D0F-8D89-FDA6F4FE5F61}.Release|Any CPU.Build.0 = Release|Any CPU
	EndGlobalSection
	GlobalSection(SolutionProperties) = preSolution
		HideSolutionNode = FALSE
	EndGlobalSection
	GlobalSection(ExtensibilityGlobals) = postSolution
		SolutionGuid = {E356681B-DE8C-4970-B1B8-658B8E03591D}
	EndGlobalSection
EndGlobal
